
Microsoft Visual Studio Solution File, Format Version 12.00
# Visual Studio Version 16
VisualStudioVersion = 16.0.30320.27
MinimumVisualStudioVersion = 10.0.40219.1
Project("{2150E333-8FDC-42A3-9474-1A3956D46DE8}") = "SampleAPI", "SampleAPI", "{A12ED598-F896-4710-95DB-A5909C1E4114}"
EndProject
Project("{FAE04EC0-301F-11D3-BF4B-00C04F79EFBC}") = "SampleAPI.Web.Tests", "SampleAPI\SampleAPI.Web.Tests\SampleAPI.Web.Tests.csproj", "{5A1E83BA-9AE8-4D1F-9158-937866C51EF8}"
EndProject
Project("{FAE04EC0-301F-11D3-BF4B-00C04F79EFBC}") = "SampleAPI.Web", "SampleAPI\SampleAPI.Web\SampleAPI.Web.csproj", "{7694DE46-5F58-45A2-BB48-522D0FCE3317}"
EndProject
Project("{00D1A9C2-B5F0-4AF3-8072-F6C62B433612}") = "SampleAPI.DB", "SampleAPI\SampleAPI.DB\SampleAPI.DB.sqlproj", "{82099D45-FEE9-4A4C-A3CC-7D14B1AC45C2}"
EndProject
Project("{9A19103F-16F7-4668-BE54-9A1E7A4F7556}") = "SampleAPI.DAL", "SampleAPI\SampleAPI.DAL\SampleAPI.DAL.csproj", "{258CF0AB-4F8A-4D57-8165-2ED9D232E779}"
EndProject
Project("{FAE04EC0-301F-11D3-BF4B-00C04F79EFBC}") = "SampleAPI.API", "SampleAPI\SampleAPI.API\SampleAPI.API.csproj", "{05145AA2-4CA1-4302-9779-4B0B7F8CB18C}"
EndProject
Project("{FAE04EC0-301F-11D3-BF4B-00C04F79EFBC}") = "SampleAPI.API.Tests", "SampleAPI\SampleAPI.API.Tests\SampleAPI.API.Tests.csproj", "{3438E4C3-2CD2-4FE8-8F1D-6DE8B9458364}"
EndProject
Project("{FAE04EC0-301F-11D3-BF4B-00C04F79EFBC}") = "SampleAPI.BLL", "SampleAPI\SampleAPI.BLL\SampleAPI.BLL.csproj", "{19FE9C6D-9BD2-4B9B-98ED-73E7A9CC7D08}"
EndProject
Project("{2150E333-8FDC-42A3-9474-1A3956D46DE8}") = "DevTools", "DevTools", "{5238688D-B9EA-408B-A08E-075683689647}"
EndProject
Project("{9A19103F-16F7-4668-BE54-9A1E7A4F7556}") = "DevTools.BLL", "DevTools\DevTools.BLL\DevTools.BLL.csproj", "{6F0EA51B-8822-4D33-9B53-EB60AB466D24}"
EndProject
Project("{9A19103F-16F7-4668-BE54-9A1E7A4F7556}") = "DevTools.DAL", "DevTools\DevTools.DAL\DevTools.DAL\DevTools.DAL.csproj", "{FC9AFBFF-24D6-4D99-AA08-7DBB6650B84B}"
EndProject
Project("{9A19103F-16F7-4668-BE54-9A1E7A4F7556}") = "DevTools.WebUI", "DevTools\DevTools.WebUI\DevTools.WebUI.csproj", "{4817BE1B-7E00-4EB7-B947-49E46DF0FB2C}"
EndProject
Project("{FAE04EC0-301F-11D3-BF4B-00C04F79EFBC}") = "DevTools.Console", "DevTools\DevTools.Console\DevTools.Console.csproj", "{39699453-C8DC-44FE-9C09-EA599C375DA4}"
EndProject
Global
	GlobalSection(SolutionConfigurationPlatforms) = preSolution
		Debug|Any CPU = Debug|Any CPU
		Demo|Any CPU = Demo|Any CPU
		Release|Any CPU = Release|Any CPU
	EndGlobalSection
	GlobalSection(ProjectConfigurationPlatforms) = postSolution
		{5A1E83BA-9AE8-4D1F-9158-937866C51EF8}.Debug|Any CPU.ActiveCfg = Debug|Any CPU
		{5A1E83BA-9AE8-4D1F-9158-937866C51EF8}.Debug|Any CPU.Build.0 = Debug|Any CPU
		{5A1E83BA-9AE8-4D1F-9158-937866C51EF8}.Demo|Any CPU.ActiveCfg = Demo|Any CPU
		{5A1E83BA-9AE8-4D1F-9158-937866C51EF8}.Release|Any CPU.ActiveCfg = Release|Any CPU
		{5A1E83BA-9AE8-4D1F-9158-937866C51EF8}.Release|Any CPU.Build.0 = Release|Any CPU
		{7694DE46-5F58-45A2-BB48-522D0FCE3317}.Debug|Any CPU.ActiveCfg = Debug|Any CPU
		{7694DE46-5F58-45A2-BB48-522D0FCE3317}.Debug|Any CPU.Build.0 = Debug|Any CPU
		{7694DE46-5F58-45A2-BB48-522D0FCE3317}.Demo|Any CPU.ActiveCfg = Demo|Any CPU
		{7694DE46-5F58-45A2-BB48-522D0FCE3317}.Demo|Any CPU.Build.0 = Demo|Any CPU
		{7694DE46-5F58-45A2-BB48-522D0FCE3317}.Release|Any CPU.ActiveCfg = Release|Any CPU
		{7694DE46-5F58-45A2-BB48-522D0FCE3317}.Release|Any CPU.Build.0 = Release|Any CPU
		{82099D45-FEE9-4A4C-A3CC-7D14B1AC45C2}.Debug|Any CPU.ActiveCfg = Debug|Any CPU
		{82099D45-FEE9-4A4C-A3CC-7D14B1AC45C2}.Debug|Any CPU.Build.0 = Debug|Any CPU
		{82099D45-FEE9-4A4C-A3CC-7D14B1AC45C2}.Debug|Any CPU.Deploy.0 = Debug|Any CPU
		{82099D45-FEE9-4A4C-A3CC-7D14B1AC45C2}.Demo|Any CPU.ActiveCfg = Demo|Any CPU
		{82099D45-FEE9-4A4C-A3CC-7D14B1AC45C2}.Demo|Any CPU.Deploy.0 = Demo|Any CPU
		{82099D45-FEE9-4A4C-A3CC-7D14B1AC45C2}.Release|Any CPU.ActiveCfg = Release|Any CPU
		{82099D45-FEE9-4A4C-A3CC-7D14B1AC45C2}.Release|Any CPU.Build.0 = Release|Any CPU
		{82099D45-FEE9-4A4C-A3CC-7D14B1AC45C2}.Release|Any CPU.Deploy.0 = Release|Any CPU
		{258CF0AB-4F8A-4D57-8165-2ED9D232E779}.Debug|Any CPU.ActiveCfg = Debug|Any CPU
		{258CF0AB-4F8A-4D57-8165-2ED9D232E779}.Debug|Any CPU.Build.0 = Debug|Any CPU
		{258CF0AB-4F8A-4D57-8165-2ED9D232E779}.Demo|Any CPU.ActiveCfg = Demo|Any CPU
		{258CF0AB-4F8A-4D57-8165-2ED9D232E779}.Demo|Any CPU.Build.0 = Demo|Any CPU
		{258CF0AB-4F8A-4D57-8165-2ED9D232E779}.Release|Any CPU.ActiveCfg = Release|Any CPU
		{258CF0AB-4F8A-4D57-8165-2ED9D232E779}.Release|Any CPU.Build.0 = Release|Any CPU
		{05145AA2-4CA1-4302-9779-4B0B7F8CB18C}.Debug|Any CPU.ActiveCfg = Debug|Any CPU
		{05145AA2-4CA1-4302-9779-4B0B7F8CB18C}.Debug|Any CPU.Build.0 = Debug|Any CPU
		{05145AA2-4CA1-4302-9779-4B0B7F8CB18C}.Demo|Any CPU.ActiveCfg = Demo|Any CPU
		{05145AA2-4CA1-4302-9779-4B0B7F8CB18C}.Demo|Any CPU.Build.0 = Demo|Any CPU
		{05145AA2-4CA1-4302-9779-4B0B7F8CB18C}.Release|Any CPU.ActiveCfg = Release|Any CPU
		{05145AA2-4CA1-4302-9779-4B0B7F8CB18C}.Release|Any CPU.Build.0 = Release|Any CPU
		{3438E4C3-2CD2-4FE8-8F1D-6DE8B9458364}.Debug|Any CPU.ActiveCfg = Debug|Any CPU
		{3438E4C3-2CD2-4FE8-8F1D-6DE8B9458364}.Debug|Any CPU.Build.0 = Debug|Any CPU
		{3438E4C3-2CD2-4FE8-8F1D-6DE8B9458364}.Demo|Any CPU.ActiveCfg = Demo|Any CPU
		{3438E4C3-2CD2-4FE8-8F1D-6DE8B9458364}.Release|Any CPU.ActiveCfg = Release|Any CPU
		{3438E4C3-2CD2-4FE8-8F1D-6DE8B9458364}.Release|Any CPU.Build.0 = Release|Any CPU
		{19FE9C6D-9BD2-4B9B-98ED-73E7A9CC7D08}.Debug|Any CPU.ActiveCfg = Debug|Any CPU
		{19FE9C6D-9BD2-4B9B-98ED-73E7A9CC7D08}.Debug|Any CPU.Build.0 = Debug|Any CPU
		{19FE9C6D-9BD2-4B9B-98ED-73E7A9CC7D08}.Demo|Any CPU.ActiveCfg = Demo|Any CPU
		{19FE9C6D-9BD2-4B9B-98ED-73E7A9CC7D08}.Demo|Any CPU.Build.0 = Demo|Any CPU
		{19FE9C6D-9BD2-4B9B-98ED-73E7A9CC7D08}.Release|Any CPU.ActiveCfg = Release|Any CPU
		{19FE9C6D-9BD2-4B9B-98ED-73E7A9CC7D08}.Release|Any CPU.Build.0 = Release|Any CPU
		{6F0EA51B-8822-4D33-9B53-EB60AB466D24}.Debug|Any CPU.ActiveCfg = Debug|Any CPU
		{6F0EA51B-8822-4D33-9B53-EB60AB466D24}.Debug|Any CPU.Build.0 = Debug|Any CPU
		{6F0EA51B-8822-4D33-9B53-EB60AB466D24}.Demo|Any CPU.ActiveCfg = Debug|Any CPU
		{6F0EA51B-8822-4D33-9B53-EB60AB466D24}.Demo|Any CPU.Build.0 = Debug|Any CPU
		{6F0EA51B-8822-4D33-9B53-EB60AB466D24}.Release|Any CPU.ActiveCfg = Release|Any CPU
		{6F0EA51B-8822-4D33-9B53-EB60AB466D24}.Release|Any CPU.Build.0 = Release|Any CPU
		{FC9AFBFF-24D6-4D99-AA08-7DBB6650B84B}.Debug|Any CPU.ActiveCfg = Debug|Any CPU
		{FC9AFBFF-24D6-4D99-AA08-7DBB6650B84B}.Debug|Any CPU.Build.0 = Debug|Any CPU
		{FC9AFBFF-24D6-4D99-AA08-7DBB6650B84B}.Demo|Any CPU.ActiveCfg = Debug|Any CPU
		{FC9AFBFF-24D6-4D99-AA08-7DBB6650B84B}.Demo|Any CPU.Build.0 = Debug|Any CPU
		{FC9AFBFF-24D6-4D99-AA08-7DBB6650B84B}.Release|Any CPU.ActiveCfg = Release|Any CPU
		{FC9AFBFF-24D6-4D99-AA08-7DBB6650B84B}.Release|Any CPU.Build.0 = Release|Any CPU
		{4817BE1B-7E00-4EB7-B947-49E46DF0FB2C}.Debug|Any CPU.ActiveCfg = Debug|Any CPU
		{4817BE1B-7E00-4EB7-B947-49E46DF0FB2C}.Debug|Any CPU.Build.0 = Debug|Any CPU
		{4817BE1B-7E00-4EB7-B947-49E46DF0FB2C}.Demo|Any CPU.ActiveCfg = Debug|Any CPU
		{4817BE1B-7E00-4EB7-B947-49E46DF0FB2C}.Demo|Any CPU.Build.0 = Debug|Any CPU
		{4817BE1B-7E00-4EB7-B947-49E46DF0FB2C}.Release|Any CPU.ActiveCfg = Release|Any CPU
		{4817BE1B-7E00-4EB7-B947-49E46DF0FB2C}.Release|Any CPU.Build.0 = Release|Any CPU
		{39699453-C8DC-44FE-9C09-EA599C375DA4}.Debug|Any CPU.ActiveCfg = Debug|Any CPU
		{39699453-C8DC-44FE-9C09-EA599C375DA4}.Debug|Any CPU.Build.0 = Debug|Any CPU
		{39699453-C8DC-44FE-9C09-EA599C375DA4}.Demo|Any CPU.ActiveCfg = Debug|Any CPU
		{39699453-C8DC-44FE-9C09-EA599C375DA4}.Demo|Any CPU.Build.0 = Debug|Any CPU
		{39699453-C8DC-44FE-9C09-EA599C375DA4}.Release|Any CPU.ActiveCfg = Release|Any CPU
		{39699453-C8DC-44FE-9C09-EA599C375DA4}.Release|Any CPU.Build.0 = Release|Any CPU
	EndGlobalSection
	GlobalSection(SolutionProperties) = preSolution
		HideSolutionNode = FALSE
	EndGlobalSection
	GlobalSection(NestedProjects) = preSolution
		{5A1E83BA-9AE8-4D1F-9158-937866C51EF8} = {A12ED598-F896-4710-95DB-A5909C1E4114}
		{7694DE46-5F58-45A2-BB48-522D0FCE3317} = {A12ED598-F896-4710-95DB-A5909C1E4114}
		{82099D45-FEE9-4A4C-A3CC-7D14B1AC45C2} = {A12ED598-F896-4710-95DB-A5909C1E4114}
		{258CF0AB-4F8A-4D57-8165-2ED9D232E779} = {A12ED598-F896-4710-95DB-A5909C1E4114}
		{05145AA2-4CA1-4302-9779-4B0B7F8CB18C} = {A12ED598-F896-4710-95DB-A5909C1E4114}
		{3438E4C3-2CD2-4FE8-8F1D-6DE8B9458364} = {A12ED598-F896-4710-95DB-A5909C1E4114}
		{19FE9C6D-9BD2-4B9B-98ED-73E7A9CC7D08} = {A12ED598-F896-4710-95DB-A5909C1E4114}
		{6F0EA51B-8822-4D33-9B53-EB60AB466D24} = {5238688D-B9EA-408B-A08E-075683689647}
		{FC9AFBFF-24D6-4D99-AA08-7DBB6650B84B} = {5238688D-B9EA-408B-A08E-075683689647}
		{4817BE1B-7E00-4EB7-B947-49E46DF0FB2C} = {5238688D-B9EA-408B-A08E-075683689647}
		{39699453-C8DC-44FE-9C09-EA599C375DA4} = {5238688D-B9EA-408B-A08E-075683689647}
	EndGlobalSection
	GlobalSection(ExtensibilityGlobals) = postSolution
		SolutionGuid = {7A9F0CCC-CAA6-46B5-8752-56AFB49C4FF0}
	EndGlobalSection
EndGlobal
